
Microsoft Visual Studio Solution File, Format Version 12.00
# Visual Studio Version 16
VisualStudioVersion = 16.0.32106.194
MinimumVisualStudioVersion = 10.0.40219.1
Project("{FAE04EC0-301F-11D3-BF4B-00C04F79EFBC}") = "WindowsFormsApp1", "WindowsFormsApp1\WindowsFormsApp1.csproj", "{1DE16FB4-413A-4FB8-9CF2-315F02EC40C2}"
EndProject
Global
	GlobalSection(SolutionConfigurationPlatforms) = preSolution
		Debug|Any CPU = Debug|Any CPU
		Release|Any CPU = Release|Any CPU
	EndGlobalSection
	GlobalSection(ProjectConfigurationPlatforms) = postSolution
		{1DE16FB4-413A-4FB8-9CF2-315F02EC40C2}.Debug|Any CPU.ActiveCfg = Debug|Any CPU
		{1DE16FB4-413A-4FB8-9CF2-315F02EC40C2}.Debug|Any CPU.Build.0 = Debug|Any CPU
		{1DE16FB4-413A-4FB8-9CF2-315F02EC40C2}.Release|Any CPU.ActiveCfg = Release|Any CPU
		{1DE16FB4-413A-4FB8-9CF2-315F02EC40C2}.Release|Any CPU.Build.0 = Release|Any CPU
	EndGlobalSection
	GlobalSection(SolutionProperties) = preSolution
		HideSolutionNode = FALSE
	EndGlobalSection
	GlobalSection(ExtensibilityGlobals) = postSolution
		SolutionGuid = {AEC1C63C-2877-42B3-8BF7-843C5BA32848}
	EndGlobalSection
EndGlobal
